
Microsoft Visual Studio Solution File, Format Version 12.00
# Visual Studio Version 16
VisualStudioVersion = 16.0.31729.503
MinimumVisualStudioVersion = 10.0.40219.1
Project("{9A19103F-16F7-4668-BE54-9A1E7A4F7556}") = "Medan_Rodica_Lab2_EB", "Medan_Rodica_Lab2_EB.csproj", "{053D8CFC-E63A-491F-B9A0-6208FEE5CAE6}"
EndProject
Project("{FAE04EC0-301F-11D3-BF4B-00C04F79EFBC}") = "LibraryModel", "..\LibraryModel\LibraryModel.csproj", "{2A8D4956-2E78-4D0E-8632-3A9510C507D2}"
EndProject
Project("{FAE04EC0-301F-11D3-BF4B-00C04F79EFBC}") = "LibraryWebAPI", "..\LibraryWebAPI\LibraryWebAPI.csproj", "{5D28360E-2F40-46D1-BB0A-976726ED8334}"
EndProject
Global
	GlobalSection(SolutionConfigurationPlatforms) = preSolution
		Debug|Any CPU = Debug|Any CPU
		Release|Any CPU = Release|Any CPU
	EndGlobalSection
	GlobalSection(ProjectConfigurationPlatforms) = postSolution
		{053D8CFC-E63A-491F-B9A0-6208FEE5CAE6}.Debug|Any CPU.ActiveCfg = Debug|Any CPU
		{053D8CFC-E63A-491F-B9A0-6208FEE5CAE6}.Debug|Any CPU.Build.0 = Debug|Any CPU
		{053D8CFC-E63A-491F-B9A0-6208FEE5CAE6}.Release|Any CPU.ActiveCfg = Release|Any CPU
		{053D8CFC-E63A-491F-B9A0-6208FEE5CAE6}.Release|Any CPU.Build.0 = Release|Any CPU
		{2A8D4956-2E78-4D0E-8632-3A9510C507D2}.Debug|Any CPU.ActiveCfg = Debug|Any CPU
		{2A8D4956-2E78-4D0E-8632-3A9510C507D2}.Debug|Any CPU.Build.0 = Debug|Any CPU
		{2A8D4956-2E78-4D0E-8632-3A9510C507D2}.Release|Any CPU.ActiveCfg = Release|Any CPU
		{2A8D4956-2E78-4D0E-8632-3A9510C507D2}.Release|Any CPU.Build.0 = Release|Any CPU
		{5D28360E-2F40-46D1-BB0A-976726ED8334}.Debug|Any CPU.ActiveCfg = Debug|Any CPU
		{5D28360E-2F40-46D1-BB0A-976726ED8334}.Debug|Any CPU.Build.0 = Debug|Any CPU
		{5D28360E-2F40-46D1-BB0A-976726ED8334}.Release|Any CPU.ActiveCfg = Release|Any CPU
		{5D28360E-2F40-46D1-BB0A-976726ED8334}.Release|Any CPU.Build.0 = Release|Any CPU
	EndGlobalSection
	GlobalSection(SolutionProperties) = preSolution
		HideSolutionNode = FALSE
	EndGlobalSection
	GlobalSection(ExtensibilityGlobals) = postSolution
		SolutionGuid = {E088AD4F-62F9-4CB2-B258-E0BAFC41CA2F}
	EndGlobalSection
EndGlobal
